
Microsoft Visual Studio Solution File, Format Version 12.00
# Visual Studio Version 17
VisualStudioVersion = 17.9.34616.47
MinimumVisualStudioVersion = 10.0.40219.1
Project("{FAE04EC0-301F-11D3-BF4B-00C04F79EFBC}") = "GaiaEterna.Web.App", "GaiaEterna.Web.App\GaiaEterna.Web.App.csproj", "{C1D9E46E-6E42-4D6E-A32B-D2A66F152E63}"
EndProject
Global
	GlobalSection(SolutionConfigurationPlatforms) = preSolution
		Debug|Any CPU = Debug|Any CPU
		Release|Any CPU = Release|Any CPU
	EndGlobalSection
	GlobalSection(ProjectConfigurationPlatforms) = postSolution
		{C1D9E46E-6E42-4D6E-A32B-D2A66F152E63}.Debug|Any CPU.ActiveCfg = Debug|Any CPU
		{C1D9E46E-6E42-4D6E-A32B-D2A66F152E63}.Debug|Any CPU.Build.0 = Debug|Any CPU
		{C1D9E46E-6E42-4D6E-A32B-D2A66F152E63}.Release|Any CPU.ActiveCfg = Release|Any CPU
		{C1D9E46E-6E42-4D6E-A32B-D2A66F152E63}.Release|Any CPU.Build.0 = Release|Any CPU
	EndGlobalSection
	GlobalSection(SolutionProperties) = preSolution
		HideSolutionNode = FALSE
	EndGlobalSection
	GlobalSection(ExtensibilityGlobals) = postSolution
		SolutionGuid = {5CDF694D-CB97-42AF-8B9D-CBB5129FFA10}
	EndGlobalSection
EndGlobal
